// !$*UTF8*$!
{
	archiveVersion = 1;
	classes = {
	};
	objectVersion = 48;
	objects = {

/* Begin PBXBuildFile section */
		6C4596C61FF362FB00B216E8 /* AppDelegate.swift in Sources */ = {isa = PBXBuildFile; fileRef = 6C4596C51FF362FB00B216E8 /* AppDelegate.swift */; };
		6C4596C81FF362FB00B216E8 /* ViewController.swift in Sources */ = {isa = PBXBuildFile; fileRef = 6C4596C71FF362FB00B216E8 /* ViewController.swift */; };
		6C4596CB1FF362FB00B216E8 /* Main.storyboard in Resources */ = {isa = PBXBuildFile; fileRef = 6C4596C91FF362FB00B216E8 /* Main.storyboard */; };
		6C4596CD1FF362FB00B216E8 /* Assets.xcassets in Resources */ = {isa = PBXBuildFile; fileRef = 6C4596CC1FF362FB00B216E8 /* Assets.xcassets */; };
		6C4596D01FF362FB00B216E8 /* LaunchScreen.storyboard in Resources */ = {isa = PBXBuildFile; fileRef = 6C4596CE1FF362FB00B216E8 /* LaunchScreen.storyboard */; };
		6C4596DB1FF362FB00B216E8 /* TravistyTests.swift in Sources */ = {isa = PBXBuildFile; fileRef = 6C4596DA1FF362FB00B216E8 /* TravistyTests.swift */; };
		6C4596E61FF362FB00B216E8 /* TravistyUITests.swift in Sources */ = {isa = PBXBuildFile; fileRef = 6C4596E51FF362FB00B216E8 /* TravistyUITests.swift */; };
/* End PBXBuildFile section */

/* Begin PBXContainerItemProxy section */
		6C4596D71FF362FB00B216E8 /* PBXContainerItemProxy */ = {
			isa = PBXContainerItemProxy;
			containerPortal = 6C4596BA1FF362FB00B216E8 /* Project object */;
			proxyType = 1;
			remoteGlobalIDString = 6C4596C11FF362FB00B216E8;
			remoteInfo = Travisty;
		};
		6C4596E21FF362FB00B216E8 /* PBXContainerItemProxy */ = {
			isa = PBXContainerItemProxy;
			containerPortal = 6C4596BA1FF362FB00B216E8 /* Project object */;
			proxyType = 1;
			remoteGlobalIDString = 6C4596C11FF362FB00B216E8;
			remoteInfo = Travisty;
		};
/* End PBXContainerItemProxy section */

/* Begin PBXFileReference section */
		6C4596C21FF362FB00B216E8 /* Travisty.app */ = {isa = PBXFileReference; explicitFileType = wrapper.application; includeInIndex = 0; path = Travisty.app; sourceTree = BUILT_PRODUCTS_DIR; };
		6C4596C51FF362FB00B216E8 /* AppDelegate.swift */ = {isa = PBXFileReference; lastKnownFileType = sourcecode.swift; path = AppDelegate.swift; sourceTree = "<group>"; };
		6C4596C71FF362FB00B216E8 /* ViewController.swift */ = {isa = PBXFileReference; lastKnownFileType = sourcecode.swift; path = ViewController.swift; sourceTree = "<group>"; };
		6C4596CA1FF362FB00B216E8 /* Base */ = {isa = PBXFileReference; lastKnownFileType = file.storyboard; name = Base; path = Base.lproj/Main.storyboard; sourceTree = "<group>"; };
		6C4596CC1FF362FB00B216E8 /* Assets.xcassets */ = {isa = PBXFileReference; lastKnownFileType = folder.assetcatalog; path = Assets.xcassets; sourceTree = "<group>"; };
		6C4596CF1FF362FB00B216E8 /* Base */ = {isa = PBXFileReference; lastKnownFileType = file.storyboard; name = Base; path = Base.lproj/LaunchScreen.storyboard; sourceTree = "<group>"; };
		6C4596D11FF362FB00B216E8 /* Info.plist */ = {isa = PBXFileReference; lastKnownFileType = text.plist.xml; path = Info.plist; sourceTree = "<group>"; };
		6C4596D61FF362FB00B216E8 /* TravistyTests.xctest */ = {isa = PBXFileReference; explicitFileType = wrapper.cfbundle; includeInIndex = 0; path = TravistyTests.xctest; sourceTree = BUILT_PRODUCTS_DIR; };
		6C4596DA1FF362FB00B216E8 /* TravistyTests.swift */ = {isa = PBXFileReference; lastKnownFileType = sourcecode.swift; path = TravistyTests.swift; sourceTree = "<group>"; };
		6C4596DC1FF362FB00B216E8 /* Info.plist */ = {isa = PBXFileReference; lastKnownFileType = text.plist.xml; path = Info.plist; sourceTree = "<group>"; };
		6C4596E11FF362FB00B216E8 /* TravistyUITests.xctest */ = {isa = PBXFileReference; explicitFileType = wrapper.cfbundle; includeInIndex = 0; path = TravistyUITests.xctest; sourceTree = BUILT_PRODUCTS_DIR; };
		6C4596E51FF362FB00B216E8 /* TravistyUITests.swift */ = {isa = PBXFileReference; lastKnownFileType = sourcecode.swift; path = TravistyUITests.swift; sourceTree = "<group>"; };
		6C4596E71FF362FB00B216E8 /* Info.plist */ = {isa = PBXFileReference; lastKnownFileType = text.plist.xml; path = Info.plist; sourceTree = "<group>"; };
/* End PBXFileReference section */

/* Begin PBXFrameworksBuildPhase section */
		6C4596BF1FF362FB00B216E8 /* Frameworks */ = {
			isa = PBXFrameworksBuildPhase;
			buildActionMask = 2147483647;
			files = (
			);
			runOnlyForDeploymentPostprocessing = 0;
		};
		6C4596D31FF362FB00B216E8 /* Frameworks */ = {
			isa = PBXFrameworksBuildPhase;
			buildActionMask = 2147483647;
			files = (
			);
			runOnlyForDeploymentPostprocessing = 0;
		};
		6C4596DE1FF362FB00B216E8 /* Frameworks */ = {
			isa = PBXFrameworksBuildPhase;
			buildActionMask = 2147483647;
			files = (
			);
			runOnlyForDeploymentPostprocessing = 0;
		};
/* End PBXFrameworksBuildPhase section */

/* Begin PBXGroup section */
		6C4596B91FF362FB00B216E8 = {
			isa = PBXGroup;
			children = (
				6C4596C41FF362FB00B216E8 /* Travisty */,
				6C4596D91FF362FB00B216E8 /* TravistyTests */,
				6C4596E41FF362FB00B216E8 /* TravistyUITests */,
				6C4596C31FF362FB00B216E8 /* Products */,
			);
			sourceTree = "<group>";
		};
		6C4596C31FF362FB00B216E8 /* Products */ = {
			isa = PBXGroup;
			children = (
				6C4596C21FF362FB00B216E8 /* Travisty.app */,
				6C4596D61FF362FB00B216E8 /* TravistyTests.xctest */,
				6C4596E11FF362FB00B216E8 /* TravistyUITests.xctest */,
			);
			name = Products;
			sourceTree = "<group>";
		};
		6C4596C41FF362FB00B216E8 /* Travisty */ = {
			isa = PBXGroup;
			children = (
				6C4596C51FF362FB00B216E8 /* AppDelegate.swift */,
				6C4596C71FF362FB00B216E8 /* ViewController.swift */,
				6C4596C91FF362FB00B216E8 /* Main.storyboard */,
				6C4596CC1FF362FB00B216E8 /* Assets.xcassets */,
				6C4596CE1FF362FB00B216E8 /* LaunchScreen.storyboard */,
				6C4596D11FF362FB00B216E8 /* Info.plist */,
			);
			path = Travisty;
			sourceTree = "<group>";
		};
		6C4596D91FF362FB00B216E8 /* TravistyTests */ = {
			isa = PBXGroup;
			children = (
				6C4596DA1FF362FB00B216E8 /* TravistyTests.swift */,
				6C4596DC1FF362FB00B216E8 /* Info.plist */,
			);
			path = TravistyTests;
			sourceTree = "<group>";
		};
		6C4596E41FF362FB00B216E8 /* TravistyUITests */ = {
			isa = PBXGroup;
			children = (
				6C4596E51FF362FB00B216E8 /* TravistyUITests.swift */,
				6C4596E71FF362FB00B216E8 /* Info.plist */,
			);
			path = TravistyUITests;
			sourceTree = "<group>";
		};
/* End PBXGroup section */

/* Begin PBXNativeTarget section */
		6C4596C11FF362FB00B216E8 /* Travisty */ = {
			isa = PBXNativeTarget;
			buildConfigurationList = 6C4596EA1FF362FB00B216E8 /* Build configuration list for PBXNativeTarget "Travisty" */;
			buildPhases = (
				6C4596BE1FF362FB00B216E8 /* Sources */,
				6C4596BF1FF362FB00B216E8 /* Frameworks */,
				6C4596C01FF362FB00B216E8 /* Resources */,
			);
			buildRules = (
			);
			dependencies = (
			);
			name = Travisty;
			productName = Travisty;
			productReference = 6C4596C21FF362FB00B216E8 /* Travisty.app */;
			productType = "com.apple.product-type.application";
		};
		6C4596D51FF362FB00B216E8 /* TravistyTests */ = {
			isa = PBXNativeTarget;
			buildConfigurationList = 6C4596ED1FF362FB00B216E8 /* Build configuration list for PBXNativeTarget "TravistyTests" */;
			buildPhases = (
				6C4596D21FF362FB00B216E8 /* Sources */,
				6C4596D31FF362FB00B216E8 /* Frameworks */,
				6C4596D41FF362FB00B216E8 /* Resources */,
			);
			buildRules = (
			);
			dependencies = (
				6C4596D81FF362FB00B216E8 /* PBXTargetDependency */,
			);
			name = TravistyTests;
			productName = TravistyTests;
			productReference = 6C4596D61FF362FB00B216E8 /* TravistyTests.xctest */;
			productType = "com.apple.product-type.bundle.unit-test";
		};
		6C4596E01FF362FB00B216E8 /* TravistyUITests */ = {
			isa = PBXNativeTarget;
			buildConfigurationList = 6C4596F01FF362FB00B216E8 /* Build configuration list for PBXNativeTarget "TravistyUITests" */;
			buildPhases = (
				6C4596DD1FF362FB00B216E8 /* Sources */,
				6C4596DE1FF362FB00B216E8 /* Frameworks */,
				6C4596DF1FF362FB00B216E8 /* Resources */,
			);
			buildRules = (
			);
			dependencies = (
				6C4596E31FF362FB00B216E8 /* PBXTargetDependency */,
			);
			name = TravistyUITests;
			productName = TravistyUITests;
			productReference = 6C4596E11FF362FB00B216E8 /* TravistyUITests.xctest */;
			productType = "com.apple.product-type.bundle.ui-testing";
		};
/* End PBXNativeTarget section */

/* Begin PBXProject section */
		6C4596BA1FF362FB00B216E8 /* Project object */ = {
			isa = PBXProject;
			attributes = {
				LastSwiftUpdateCheck = 0920;
				LastUpgradeCheck = 0920;
				ORGANIZATIONNAME = "Michael Higgins";
				TargetAttributes = {
					6C4596C11FF362FB00B216E8 = {
						CreatedOnToolsVersion = 9.2;
						ProvisioningStyle = Automatic;
					};
					6C4596D51FF362FB00B216E8 = {
						CreatedOnToolsVersion = 9.2;
						ProvisioningStyle = Automatic;
						TestTargetID = 6C4596C11FF362FB00B216E8;
					};
					6C4596E01FF362FB00B216E8 = {
						CreatedOnToolsVersion = 9.2;
						ProvisioningStyle = Automatic;
						TestTargetID = 6C4596C11FF362FB00B216E8;
					};
				};
			};
			buildConfigurationList = 6C4596BD1FF362FB00B216E8 /* Build configuration list for PBXProject "Travisty" */;
			compatibilityVersion = "Xcode 8.0";
			developmentRegion = en;
			hasScannedForEncodings = 0;
			knownRegions = (
				en,
				Base,
			);
			mainGroup = 6C4596B91FF362FB00B216E8;
			productRefGroup = 6C4596C31FF362FB00B216E8 /* Products */;
			projectDirPath = "";
			projectRoot = "";
			targets = (
				6C4596C11FF362FB00B216E8 /* Travisty */,
				6C4596D51FF362FB00B216E8 /* TravistyTests */,
				6C4596E01FF362FB00B216E8 /* TravistyUITests */,
			);
		};
/* End PBXProject section */

/* Begin PBXResourcesBuildPhase section */
		6C4596C01FF362FB00B216E8 /* Resources */ = {
			isa = PBXResourcesBuildPhase;
			buildActionMask = 2147483647;
			files = (
				6C4596D01FF362FB00B216E8 /* LaunchScreen.storyboard in Resources */,
				6C4596CD1FF362FB00B216E8 /* Assets.xcassets in Resources */,
				6C4596CB1FF362FB00B216E8 /* Main.storyboard in Resources */,
			);
			runOnlyForDeploymentPostprocessing = 0;
		};
		6C4596D41FF362FB00B216E8 /* Resources */ = {
			isa = PBXResourcesBuildPhase;
			buildActionMask = 2147483647;
			files = (
			);
			runOnlyForDeploymentPostprocessing = 0;
		};
		6C4596DF1FF362FB00B216E8 /* Resources */ = {
			isa = PBXResourcesBuildPhase;
			buildActionMask = 2147483647;
			files = (
			);
			runOnlyForDeploymentPostprocessing = 0;
		};
/* End PBXResourcesBuildPhase section */

/* Begin PBXSourcesBuildPhase section */
		6C4596BE1FF362FB00B216E8 /* Sources */ = {
			isa = PBXSourcesBuildPhase;
			buildActionMask = 2147483647;
			files = (
				6C4596C81FF362FB00B216E8 /* ViewController.swift in Sources */,
				6C4596C61FF362FB00B216E8 /* AppDelegate.swift in Sources */,
			);
			runOnlyForDeploymentPostprocessing = 0;
		};
		6C4596D21FF362FB00B216E8 /* Sources */ = {
			isa = PBXSourcesBuildPhase;
			buildActionMask = 2147483647;
			files = (
				6C4596DB1FF362FB00B216E8 /* TravistyTests.swift in Sources */,
			);
			runOnlyForDeploymentPostprocessing = 0;
		};
		6C4596DD1FF362FB00B216E8 /* Sources */ = {
			isa = PBXSourcesBuildPhase;
			buildActionMask = 2147483647;
			files = (
				6C4596E61FF362FB00B216E8 /* TravistyUITests.swift in Sources */,
			);
			runOnlyForDeploymentPostprocessing = 0;
		};
/* End PBXSourcesBuildPhase section */

/* Begin PBXTargetDependency section */
		6C4596D81FF362FB00B216E8 /* PBXTargetDependency */ = {
			isa = PBXTargetDependency;
			target = 6C4596C11FF362FB00B216E8 /* Travisty */;
			targetProxy = 6C4596D71FF362FB00B216E8 /* PBXContainerItemProxy */;
		};
		6C4596E31FF362FB00B216E8 /* PBXTargetDependency */ = {
			isa = PBXTargetDependency;
			target = 6C4596C11FF362FB00B216E8 /* Travisty */;
			targetProxy = 6C4596E21FF362FB00B216E8 /* PBXContainerItemProxy */;
		};
/* End PBXTargetDependency section */

/* Begin PBXVariantGroup section */
		6C4596C91FF362FB00B216E8 /* Main.storyboard */ = {
			isa = PBXVariantGroup;
			children = (
				6C4596CA1FF362FB00B216E8 /* Base */,
			);
			name = Main.storyboard;
			sourceTree = "<group>";
		};
		6C4596CE1FF362FB00B216E8 /* LaunchScreen.storyboard */ = {
			isa = PBXVariantGroup;
			children = (
				6C4596CF1FF362FB00B216E8 /* Base */,
			);
			name = LaunchScreen.storyboard;
			sourceTree = "<group>";
		};
/* End PBXVariantGroup section */

/* Begin XCBuildConfiguration section */
		6C4596E81FF362FB00B216E8 /* Debug */ = {
			isa = XCBuildConfiguration;
			buildSettings = {
				ALWAYS_SEARCH_USER_PATHS = NO;
				CLANG_ANALYZER_NONNULL = YES;
				CLANG_ANALYZER_NUMBER_OBJECT_CONVERSION = YES_AGGRESSIVE;
				CLANG_CXX_LANGUAGE_STANDARD = "gnu++14";
				CLANG_CXX_LIBRARY = "libc++";
				CLANG_ENABLE_MODULES = YES;
				CLANG_ENABLE_OBJC_ARC = YES;
				CLANG_WARN_BLOCK_CAPTURE_AUTORELEASING = YES;
				CLANG_WARN_BOOL_CONVERSION = YES;
				CLANG_WARN_COMMA = YES;
				CLANG_WARN_CONSTANT_CONVERSION = YES;
				CLANG_WARN_DIRECT_OBJC_ISA_USAGE = YES_ERROR;
				CLANG_WARN_DOCUMENTATION_COMMENTS = YES;
				CLANG_WARN_EMPTY_BODY = YES;
				CLANG_WARN_ENUM_CONVERSION = YES;
				CLANG_WARN_INFINITE_RECURSION = YES;
				CLANG_WARN_INT_CONVERSION = YES;
				CLANG_WARN_NON_LITERAL_NULL_CONVERSION = YES;
				CLANG_WARN_OBJC_LITERAL_CONVERSION = YES;
				CLANG_WARN_OBJC_ROOT_CLASS = YES_ERROR;
				CLANG_WARN_RANGE_LOOP_ANALYSIS = YES;
				CLANG_WARN_STRICT_PROTOTYPES = YES;
				CLANG_WARN_SUSPICIOUS_MOVE = YES;
				CLANG_WARN_UNGUARDED_AVAILABILITY = YES_AGGRESSIVE;
				CLANG_WARN_UNREACHABLE_CODE = YES;
				CLANG_WARN__DUPLICATE_METHOD_MATCH = YES;
				CODE_SIGN_IDENTITY = "iPhone Developer";
				COPY_PHASE_STRIP = NO;
				DEBUG_INFORMATION_FORMAT = dwarf;
				ENABLE_STRICT_OBJC_MSGSEND = YES;
				ENABLE_TESTABILITY = YES;
				GCC_C_LANGUAGE_STANDARD = gnu11;
				GCC_DYNAMIC_NO_PIC = NO;
				GCC_NO_COMMON_BLOCKS = YES;
				GCC_OPTIMIZATION_LEVEL = 0;
				GCC_PREPROCESSOR_DEFINITIONS = (
					"DEBUG=1",
					"$(inherited)",
				);
				GCC_WARN_64_TO_32_BIT_CONVERSION = YES;
				GCC_WARN_ABOUT_RETURN_TYPE = YES_ERROR;
				GCC_WARN_UNDECLARED_SELECTOR = YES;
				GCC_WARN_UNINITIALIZED_AUTOS = YES_AGGRESSIVE;
				GCC_WARN_UNUSED_FUNCTION = YES;
				GCC_WARN_UNUSED_VARIABLE = YES;
				IPHONEOS_DEPLOYMENT_TARGET = 11.2;
				MTL_ENABLE_DEBUG_INFO = YES;
				ONLY_ACTIVE_ARCH = YES;
				SDKROOT = iphoneos;
				SWIFT_ACTIVE_COMPILATION_CONDITIONS = DEBUG;
				SWIFT_OPTIMIZATION_LEVEL = "-Onone";
			};
			name = Debug;
		};
		6C4596E91FF362FB00B216E8 /* Release */ = {
			isa = XCBuildConfiguration;
			buildSettings = {
				ALWAYS_SEARCH_USER_PATHS = NO;
				CLANG_ANALYZER_NONNULL = YES;
				CLANG_ANALYZER_NUMBER_OBJECT_CONVERSION = YES_AGGRESSIVE;
				CLANG_CXX_LANGUAGE_STANDARD = "gnu++14";
				CLANG_CXX_LIBRARY = "libc++";
				CLANG_ENABLE_MODULES = YES;
				CLANG_ENABLE_OBJC_ARC = YES;
				CLANG_WARN_BLOCK_CAPTURE_AUTORELEASING = YES;
				CLANG_WARN_BOOL_CONVERSION = YES;
				CLANG_WARN_COMMA = YES;
				CLANG_WARN_CONSTANT_CONVERSION = YES;
				CLANG_WARN_DIRECT_OBJC_ISA_USAGE = YES_ERROR;
				CLANG_WARN_DOCUMENTATION_COMMENTS = YES;
				CLANG_WARN_EMPTY_BODY = YES;
				CLANG_WARN_ENUM_CONVERSION = YES;
				CLANG_WARN_INFINITE_RECURSION = YES;
				CLANG_WARN_INT_CONVERSION = YES;
				CLANG_WARN_NON_LITERAL_NULL_CONVERSION = YES;
				CLANG_WARN_OBJC_LITERAL_CONVERSION = YES;
				CLANG_WARN_OBJC_ROOT_CLASS = YES_ERROR;
				CLANG_WARN_RANGE_LOOP_ANALYSIS = YES;
				CLANG_WARN_STRICT_PROTOTYPES = YES;
				CLANG_WARN_SUSPICIOUS_MOVE = YES;
				CLANG_WARN_UNGUARDED_AVAILABILITY = YES_AGGRESSIVE;
				CLANG_WARN_UNREACHABLE_CODE = YES;
				CLANG_WARN__DUPLICATE_METHOD_MATCH = YES;
				CODE_SIGN_IDENTITY = "iPhone Developer";
				COPY_PHASE_STRIP = NO;
				DEBUG_INFORMATION_FORMAT = "dwarf-with-dsym";
				ENABLE_NS_ASSERTIONS = NO;
				ENABLE_STRICT_OBJC_MSGSEND = YES;
				GCC_C_LANGUAGE_STANDARD = gnu11;
				GCC_NO_COMMON_BLOCKS = YES;
				GCC_WARN_64_TO_32_BIT_CONVERSION = YES;
				GCC_WARN_ABOUT_RETURN_TYPE = YES_ERROR;
				GCC_WARN_UNDECLARED_SELECTOR = YES;
				GCC_WARN_UNINITIALIZED_AUTOS = YES_AGGRESSIVE;
				GCC_WARN_UNUSED_FUNCTION = YES;
				GCC_WARN_UNUSED_VARIABLE = YES;
				IPHONEOS_DEPLOYMENT_TARGET = 11.2;
				MTL_ENABLE_DEBUG_INFO = NO;
				SDKROOT = iphoneos;
				SWIFT_OPTIMIZATION_LEVEL = "-Owholemodule";
				VALIDATE_PRODUCT = YES;
			};
			name = Release;
		};
		6C4596EB1FF362FB00B216E8 /* Debug */ = {
			isa = XCBuildConfiguration;
			buildSettings = {
				ASSETCATALOG_COMPILER_APPICON_NAME = AppIcon;
				CODE_SIGN_STYLE = Automatic;
				DEVELOPMENT_TEAM = 6TD9RZLV7L;
				INFOPLIST_FILE = Travisty/Info.plist;
				LD_RUNPATH_SEARCH_PATHS = "$(inherited) @executable_path/Frameworks";
				PRODUCT_BUNDLE_IDENTIFIER = travis.Travisty;
				PRODUCT_NAME = "$(TARGET_NAME)";
				SWIFT_VERSION = 4.0;
				TARGETED_DEVICE_FAMILY = "1,2";
			};
			name = Debug;
		};
		6C4596EC1FF362FB00B216E8 /* Release */ = {
			isa = XCBuildConfiguration;
			buildSettings = {
				ASSETCATALOG_COMPILER_APPICON_NAME = AppIcon;
				CODE_SIGN_STYLE = Automatic;
				DEVELOPMENT_TEAM = 6TD9RZLV7L;
				INFOPLIST_FILE = Travisty/Info.plist;
				LD_RUNPATH_SEARCH_PATHS = "$(inherited) @executable_path/Frameworks";
				PRODUCT_BUNDLE_IDENTIFIER = travis.Travisty;
				PRODUCT_NAME = "$(TARGET_NAME)";
				SWIFT_VERSION = 4.0;
				TARGETED_DEVICE_FAMILY = "1,2";
			};
			name = Release;
		};
		6C4596EE1FF362FB00B216E8 /* Debug */ = {
			isa = XCBuildConfiguration;
			buildSettings = {
				ALWAYS_EMBED_SWIFT_STANDARD_LIBRARIES = YES;
				BUNDLE_LOADER = "$(TEST_HOST)";
				CODE_SIGN_STYLE = Automatic;
				DEVELOPMENT_TEAM = 6TD9RZLV7L;
				INFOPLIST_FILE = TravistyTests/Info.plist;
				LD_RUNPATH_SEARCH_PATHS = "$(inherited) @executable_path/Frameworks @loader_path/Frameworks";
				PRODUCT_BUNDLE_IDENTIFIER = travis.TravistyTests;
				PRODUCT_NAME = "$(TARGET_NAME)";
				SWIFT_VERSION = 4.0;
				TARGETED_DEVICE_FAMILY = "1,2";
				TEST_HOST = "$(BUILT_PRODUCTS_DIR)/Travisty.app/Travisty";
			};
			name = Debug;
		};
		6C4596EF1FF362FB00B216E8 /* Release */ = {
			isa = XCBuildConfiguration;
			buildSettings = {
				ALWAYS_EMBED_SWIFT_STANDARD_LIBRARIES = YES;
				BUNDLE_LOADER = "$(TEST_HOST)";
				CODE_SIGN_STYLE = Automatic;
				DEVELOPMENT_TEAM = 6TD9RZLV7L;
				INFOPLIST_FILE = TravistyTests/Info.plist;
				LD_RUNPATH_SEARCH_PATHS = "$(inherited) @executable_path/Frameworks @loader_path/Frameworks";
				PRODUCT_BUNDLE_IDENTIFIER = travis.TravistyTests;
				PRODUCT_NAME = "$(TARGET_NAME)";
				SWIFT_VERSION = 4.0;
				TARGETED_DEVICE_FAMILY = "1,2";
				TEST_HOST = "$(BUILT_PRODUCTS_DIR)/Travisty.app/Travisty";
			};
			name = Release;
		};
		6C4596F11FF362FB00B216E8 /* Debug */ = {
			isa = XCBuildConfiguration;
			buildSettings = {
				ALWAYS_EMBED_SWIFT_STANDARD_LIBRARIES = YES;
				CODE_SIGN_STYLE = Automatic;
				DEVELOPMENT_TEAM = 6TD9RZLV7L;
				INFOPLIST_FILE = TravistyUITests/Info.plist;
				LD_RUNPATH_SEARCH_PATHS = "$(inherited) @executable_path/Frameworks @loader_path/Frameworks";
				PRODUCT_BUNDLE_IDENTIFIER = travis.TravistyUITests;
				PRODUCT_NAME = "$(TARGET_NAME)";
				SWIFT_VERSION = 4.0;
				TARGETED_DEVICE_FAMILY = "1,2";
				TEST_TARGET_NAME = Travisty;
			};
			name = Debug;
		};
		6C4596F21FF362FB00B216E8 /* Release */ = {
			isa = XCBuildConfiguration;
			buildSettings = {
				ALWAYS_EMBED_SWIFT_STANDARD_LIBRARIES = YES;
				CODE_SIGN_STYLE = Automatic;
				DEVELOPMENT_TEAM = 6TD9RZLV7L;
				INFOPLIST_FILE = TravistyUITests/Info.plist;
				LD_RUNPATH_SEARCH_PATHS = "$(inherited) @executable_path/Frameworks @loader_path/Frameworks";
				PRODUCT_BUNDLE_IDENTIFIER = travis.TravistyUITests;
				PRODUCT_NAME = "$(TARGET_NAME)";
				SWIFT_VERSION = 4.0;
				TARGETED_DEVICE_FAMILY = "1,2";
				TEST_TARGET_NAME = Travisty;
			};
			name = Release;
		};
/* End XCBuildConfiguration section */

/* Begin XCConfigurationList section */
		6C4596BD1FF362FB00B216E8 /* Build configuration list for PBXProject "Travisty" */ = {
			isa = XCConfigurationList;
			buildConfigurations = (
				6C4596E81FF362FB00B216E8 /* Debug */,
				6C4596E91FF362FB00B216E8 /* Release */,
			);
			defaultConfigurationIsVisible = 0;
			defaultConfigurationName = Release;
		};
		6C4596EA1FF362FB00B216E8 /* Build configuration list for PBXNativeTarget "Travisty" */ = {
			isa = XCConfigurationList;
			buildConfigurations = (
				6C4596EB1FF362FB00B216E8 /* Debug */,
				6C4596EC1FF362FB00B216E8 /* Release */,
			);
			defaultConfigurationIsVisible = 0;
			defaultConfigurationName = Release;
		};
		6C4596ED1FF362FB00B216E8 /* Build configuration list for PBXNativeTarget "TravistyTests" */ = {
			isa = XCConfigurationList;
			buildConfigurations = (
				6C4596EE1FF362FB00B216E8 /* Debug */,
				6C4596EF1FF362FB00B216E8 /* Release */,
			);
			defaultConfigurationIsVisible = 0;
			defaultConfigurationName = Release;
		};
		6C4596F01FF362FB00B216E8 /* Build configuration list for PBXNativeTarget "TravistyUITests" */ = {
			isa = XCConfigurationList;
			buildConfigurations = (
				6C4596F11FF362FB00B216E8 /* Debug */,
				6C4596F21FF362FB00B216E8 /* Release */,
			);
			defaultConfigurationIsVisible = 0;
			defaultConfigurationName = Release;
		};
/* End XCConfigurationList section */
	};
	rootObject = 6C4596BA1FF362FB00B216E8 /* Project object */;
}
